// !$*UTF8*$!
{
	archiveVersion = 1;
	classes = {
	};
	objectVersion = 46;
	objects = {

/* Begin PBXBuildFile section */
		5A54F6251BF5F6D000F27CCC /* SuiteSearchViewController.m in Sources */ = {isa = PBXBuildFile; fileRef = 5A54F6241BF5F6D000F27CCC /* SuiteSearchViewController.m */; settings = {ASSET_TAGS = (); }; };
		5A54F6261BF5F6D000F27CCC /* SuiteSearchViewController.m in Sources */ = {isa = PBXBuildFile; fileRef = 5A54F6241BF5F6D000F27CCC /* SuiteSearchViewController.m */; settings = {ASSET_TAGS = (); }; };
		5A54F6291BF5F6F200F27CCC /* InterestSuiteViewController.m in Sources */ = {isa = PBXBuildFile; fileRef = 5A54F6281BF5F6F200F27CCC /* InterestSuiteViewController.m */; settings = {ASSET_TAGS = (); }; };
		5A54F62A1BF5F6F200F27CCC /* InterestSuiteViewController.m in Sources */ = {isa = PBXBuildFile; fileRef = 5A54F6281BF5F6F200F27CCC /* InterestSuiteViewController.m */; settings = {ASSET_TAGS = (); }; };
		5A54F62D1BF5F70200F27CCC /* RentalManageViewController.m in Sources */ = {isa = PBXBuildFile; fileRef = 5A54F62C1BF5F70200F27CCC /* RentalManageViewController.m */; settings = {ASSET_TAGS = (); }; };
		5A54F62E1BF5F70200F27CCC /* RentalManageViewController.m in Sources */ = {isa = PBXBuildFile; fileRef = 5A54F62C1BF5F70200F27CCC /* RentalManageViewController.m */; settings = {ASSET_TAGS = (); }; };
		5A54F6311BF5F71200F27CCC /* PostSuiteViewController.m in Sources */ = {isa = PBXBuildFile; fileRef = 5A54F6301BF5F71200F27CCC /* PostSuiteViewController.m */; settings = {ASSET_TAGS = (); }; };
		5A54F6321BF5F71200F27CCC /* PostSuiteViewController.m in Sources */ = {isa = PBXBuildFile; fileRef = 5A54F6301BF5F71200F27CCC /* PostSuiteViewController.m */; settings = {ASSET_TAGS = (); }; };
		5A54F6351BF5F74200F27CCC /* PostSuiteManageViewController.m in Sources */ = {isa = PBXBuildFile; fileRef = 5A54F6341BF5F74200F27CCC /* PostSuiteManageViewController.m */; settings = {ASSET_TAGS = (); }; };
		5A54F6361BF5F74200F27CCC /* PostSuiteManageViewController.m in Sources */ = {isa = PBXBuildFile; fileRef = 5A54F6341BF5F74200F27CCC /* PostSuiteManageViewController.m */; settings = {ASSET_TAGS = (); }; };
		5A5DCB7B1B5D021300C7DA7A /* MenuViewController.m in Sources */ = {isa = PBXBuildFile; fileRef = 5A5DCB7A1B5D021300C7DA7A /* MenuViewController.m */; };
		5A5DCBCD1B5D028100C7DA7A /* 107RoomIcon.ttf in Resources */ = {isa = PBXBuildFile; fileRef = 5A5DCBA41B5D028100C7DA7A /* 107RoomIcon.ttf */; };
		5A5DCBCE1B5D028100C7DA7A /* LaunchScreen.xib in Resources */ = {isa = PBXBuildFile; fileRef = 5A5DCBA61B5D028100C7DA7A /* LaunchScreen.xib */; };
		5A5DCBCF1B5D028100C7DA7A /* Main.storyboard in Resources */ = {isa = PBXBuildFile; fileRef = 5A5DCBA71B5D028100C7DA7A /* Main.storyboard */; };
		5A5DCBD31B5D2B0900C7DA7A /* NXSliderViewController.m in Sources */ = {isa = PBXBuildFile; fileRef = 5A5DCBD21B5D2B0900C7DA7A /* NXSliderViewController.m */; };
		5AB724981B57500C00A5D3DD /* main.m in Sources */ = {isa = PBXBuildFile; fileRef = 5AB724971B57500C00A5D3DD /* main.m */; };
		5AB7249B1B57500C00A5D3DD /* AppDelegate.m in Sources */ = {isa = PBXBuildFile; fileRef = 5AB7249A1B57500C00A5D3DD /* AppDelegate.m */; };
		5AB7249E1B57500C00A5D3DD /* NXSliderDemo.xcdatamodeld in Sources */ = {isa = PBXBuildFile; fileRef = 5AB7249C1B57500C00A5D3DD /* NXSliderDemo.xcdatamodeld */; };
		5AB724A11B57500C00A5D3DD /* ViewController.m in Sources */ = {isa = PBXBuildFile; fileRef = 5AB724A01B57500C00A5D3DD /* ViewController.m */; };
		5AB724A41B57500C00A5D3DD /* Main.storyboard in Resources */ = {isa = PBXBuildFile; fileRef = 5AB724A21B57500C00A5D3DD /* Main.storyboard */; };
		5AB724A61B57500C00A5D3DD /* Images.xcassets in Resources */ = {isa = PBXBuildFile; fileRef = 5AB724A51B57500C00A5D3DD /* Images.xcassets */; };
		5AB724A91B57500C00A5D3DD /* LaunchScreen.xib in Resources */ = {isa = PBXBuildFile; fileRef = 5AB724A71B57500C00A5D3DD /* LaunchScreen.xib */; };
		5AB724B51B57500C00A5D3DD /* NXSliderDemoTests.m in Sources */ = {isa = PBXBuildFile; fileRef = 5AB724B41B57500C00A5D3DD /* NXSliderDemoTests.m */; };
		5AD7B7451BF2E042000CBC37 /* UIButton + EnlargeTouchArea.m in Sources */ = {isa = PBXBuildFile; fileRef = 5AD7B73C1BF2E042000CBC37 /* UIButton + EnlargeTouchArea.m */; settings = {ASSET_TAGS = (); }; };
		5AD7B7461BF2E042000CBC37 /* UIColor+Room107.m in Sources */ = {isa = PBXBuildFile; fileRef = 5AD7B73E1BF2E042000CBC37 /* UIColor+Room107.m */; settings = {ASSET_TAGS = (); }; };
		5AD7B7471BF2E042000CBC37 /* UIFont+Room107.m in Sources */ = {isa = PBXBuildFile; fileRef = 5AD7B7401BF2E042000CBC37 /* UIFont+Room107.m */; settings = {ASSET_TAGS = (); }; };
		5AD7B7481BF2E042000CBC37 /* UIImage+Room107.m in Sources */ = {isa = PBXBuildFile; fileRef = 5AD7B7421BF2E042000CBC37 /* UIImage+Room107.m */; settings = {ASSET_TAGS = (); }; };
		5AD7B7491BF2E042000CBC37 /* UIView+Nib.m in Sources */ = {isa = PBXBuildFile; fileRef = 5AD7B7441BF2E042000CBC37 /* UIView+Nib.m */; settings = {ASSET_TAGS = (); }; };
		5AD7B75E1BF2E0CC000CBC37 /* CommonFuncs.m in Sources */ = {isa = PBXBuildFile; fileRef = 5AD7B7501BF2E0CC000CBC37 /* CommonFuncs.m */; settings = {ASSET_TAGS = (); }; };
		5AD7B75F1BF2E0CC000CBC37 /* NotificationNames.m in Sources */ = {isa = PBXBuildFile; fileRef = 5AD7B7521BF2E0CC000CBC37 /* NotificationNames.m */; settings = {ASSET_TAGS = (); }; };
		5AD7B7601BF2E0CC000CBC37 /* NXURLHandler.m in Sources */ = {isa = PBXBuildFile; fileRef = 5AD7B7541BF2E0CC000CBC37 /* NXURLHandler.m */; settings = {ASSET_TAGS = (); }; };
		5AD7B7611BF2E0CC000CBC37 /* NXWebViewController.m in Sources */ = {isa = PBXBuildFile; fileRef = 5AD7B7561BF2E0CC000CBC37 /* NXWebViewController.m */; settings = {ASSET_TAGS = (); }; };
		5AD7B7621BF2E0CC000CBC37 /* RegularExpressionUtil.m in Sources */ = {isa = PBXBuildFile; fileRef = 5AD7B7591BF2E0CC000CBC37 /* RegularExpressionUtil.m */; settings = {ASSET_TAGS = (); }; };
		5AD7B7631BF2E0CC000CBC37 /* TimeUtil.m in Sources */ = {isa = PBXBuildFile; fileRef = 5AD7B75B1BF2E0CC000CBC37 /* TimeUtil.m */; settings = {ASSET_TAGS = (); }; };
		5AD7B76D1BF2E205000CBC37 /* AppConfig.m in Sources */ = {isa = PBXBuildFile; fileRef = 5AD7B7681BF2E205000CBC37 /* AppConfig.m */; settings = {ASSET_TAGS = (); }; };
		5AD7B76E1BF2E205000CBC37 /* Log.m in Sources */ = {isa = PBXBuildFile; fileRef = 5AD7B76B1BF2E205000CBC37 /* Log.m */; settings = {ASSET_TAGS = (); }; };
		5AD7B7721BF2E272000CBC37 /* Room107ViewController.m in Sources */ = {isa = PBXBuildFile; fileRef = 5AD7B7711BF2E272000CBC37 /* Room107ViewController.m */; settings = {ASSET_TAGS = (); }; };
		5AD7B77F1BF2E457000CBC37 /* CustomButton.m in Sources */ = {isa = PBXBuildFile; fileRef = 5AD7B7761BF2E457000CBC37 /* CustomButton.m */; settings = {ASSET_TAGS = (); }; };
		5AD7B7801BF2E457000CBC37 /* CustomImageView.m in Sources */ = {isa = PBXBuildFile; fileRef = 5AD7B7781BF2E457000CBC37 /* CustomImageView.m */; settings = {ASSET_TAGS = (); }; };
		5AD7B7811BF2E457000CBC37 /* CustomLabel.m in Sources */ = {isa = PBXBuildFile; fileRef = 5AD7B77A1BF2E457000CBC37 /* CustomLabel.m */; settings = {ASSET_TAGS = (); }; };
		5AD7B7831BF2E457000CBC37 /* CustomTextField.m in Sources */ = {isa = PBXBuildFile; fileRef = 5AD7B77E1BF2E457000CBC37 /* CustomTextField.m */; settings = {ASSET_TAGS = (); }; };
		5AD7B7861BF2E4BE000CBC37 /* GreenTextButton.m in Sources */ = {isa = PBXBuildFile; fileRef = 5AD7B7851BF2E4BE000CBC37 /* GreenTextButton.m */; settings = {ASSET_TAGS = (); }; };
		5AD7B7891BF2E4E8000CBC37 /* SearchTipLabel.m in Sources */ = {isa = PBXBuildFile; fileRef = 5AD7B7881BF2E4E8000CBC37 /* SearchTipLabel.m */; settings = {ASSET_TAGS = (); }; };
		5AD7B7AD1BF2E589000CBC37 /* NSArray+Additions.m in Sources */ = {isa = PBXBuildFile; fileRef = 5AD7B78C1BF2E589000CBC37 /* NSArray+Additions.m */; settings = {ASSET_TAGS = (); }; };
		5AD7B7AE1BF2E589000CBC37 /* NSDate+Additions.m in Sources */ = {isa = PBXBuildFile; fileRef = 5AD7B78E1BF2E589000CBC37 /* NSDate+Additions.m */; settings = {ASSET_TAGS = (); }; };
		5AD7B7AF1BF2E589000CBC37 /* NSDateFormatter+Additions.m in Sources */ = {isa = PBXBuildFile; fileRef = 5AD7B7901BF2E589000CBC37 /* NSDateFormatter+Additions.m */; settings = {ASSET_TAGS = (); }; };
		5AD7B7B01BF2E589000CBC37 /* NSManagedObject+ActiveRecord.m in Sources */ = {isa = PBXBuildFile; fileRef = 5AD7B7921BF2E589000CBC37 /* NSManagedObject+ActiveRecord.m */; settings = {ASSET_TAGS = (); }; };
		5AD7B7B11BF2E589000CBC37 /* NSManagedObject+Additions.m in Sources */ = {isa = PBXBuildFile; fileRef = 5AD7B7941BF2E589000CBC37 /* NSManagedObject+Additions.m */; settings = {ASSET_TAGS = (); }; };
		5AD7B7B21BF2E589000CBC37 /* NSMutableURLRequest+Headers.m in Sources */ = {isa = PBXBuildFile; fileRef = 5AD7B7961BF2E589000CBC37 /* NSMutableURLRequest+Headers.m */; settings = {ASSET_TAGS = (); }; };
		5AD7B7B31BF2E589000CBC37 /* NSNumber+Additions.m in Sources */ = {isa = PBXBuildFile; fileRef = 5AD7B7981BF2E589000CBC37 /* NSNumber+Additions.m */; settings = {ASSET_TAGS = (); }; };
		5AD7B7B41BF2E589000CBC37 /* NSNumberFormatter+Additions.m in Sources */ = {isa = PBXBuildFile; fileRef = 5AD7B79A1BF2E589000CBC37 /* NSNumberFormatter+Additions.m */; settings = {ASSET_TAGS = (); }; };
		5AD7B7B51BF2E589000CBC37 /* NSObject+Introspection.m in Sources */ = {isa = PBXBuildFile; fileRef = 5AD7B79C1BF2E589000CBC37 /* NSObject+Introspection.m */; settings = {ASSET_TAGS = (); }; };
		5AD7B7B61BF2E589000CBC37 /* NSObject+KVO.m in Sources */ = {isa = PBXBuildFile; fileRef = 5AD7B79E1BF2E589000CBC37 /* NSObject+KVO.m */; settings = {ASSET_TAGS = (); }; };
		5AD7B7B71BF2E589000CBC37 /* NSString+AttributedString.m in Sources */ = {isa = PBXBuildFile; fileRef = 5AD7B7A01BF2E589000CBC37 /* NSString+AttributedString.m */; settings = {ASSET_TAGS = (); }; };
		5AD7B7B81BF2E589000CBC37 /* NSString+Base64.m in Sources */ = {isa = PBXBuildFile; fileRef = 5AD7B7A21BF2E589000CBC37 /* NSString+Base64.m */; settings = {ASSET_TAGS = (); }; };
		5AD7B7B91BF2E589000CBC37 /* NSString+Encoded.m in Sources */ = {isa = PBXBuildFile; fileRef = 5AD7B7A41BF2E589000CBC37 /* NSString+Encoded.m */; settings = {ASSET_TAGS = (); }; };
		5AD7B7BA1BF2E589000CBC37 /* NSString+Random.m in Sources */ = {isa = PBXBuildFile; fileRef = 5AD7B7A61BF2E589000CBC37 /* NSString+Random.m */; settings = {ASSET_TAGS = (); }; };
		5AD7B7BB1BF2E589000CBC37 /* NSString+Valid.m in Sources */ = {isa = PBXBuildFile; fileRef = 5AD7B7A81BF2E589000CBC37 /* NSString+Valid.m */; settings = {ASSET_TAGS = (); }; };
		5AD7B7BC1BF2E589000CBC37 /* NSURLRequest+Description.m in Sources */ = {isa = PBXBuildFile; fileRef = 5AD7B7AA1BF2E589000CBC37 /* NSURLRequest+Description.m */; settings = {ASSET_TAGS = (); }; };
		5ADD241A1B58B25400FB195F /* NXRangeSlider.m in Sources */ = {isa = PBXBuildFile; fileRef = 5ADD24191B58B25400FB195F /* NXRangeSlider.m */; };
		5AEB4A2F1BF2201B00E8DCB7 /* FirstPushViewController.m in Sources */ = {isa = PBXBuildFile; fileRef = 5AEB4A2E1BF2201B00E8DCB7 /* FirstPushViewController.m */; settings = {ASSET_TAGS = (); }; };
/* End PBXBuildFile section */

/* Begin PBXContainerItemProxy section */
		5AB724AF1B57500C00A5D3DD /* PBXContainerItemProxy */ = {
			isa = PBXContainerItemProxy;
			containerPortal = 5AB7248A1B57500C00A5D3DD /* Project object */;
			proxyType = 1;
			remoteGlobalIDString = 5AB724911B57500C00A5D3DD;
			remoteInfo = NXSliderDemo;
		};
/* End PBXContainerItemProxy section */

/* Begin PBXFileReference section */
		5A54F6231BF5F6D000F27CCC /* SuiteSearchViewController.h */ = {isa = PBXFileReference; fileEncoding = 4; lastKnownFileType = sourcecode.c.h; path = SuiteSearchViewController.h; sourceTree = "<group>"; };
		5A54F6241BF5F6D000F27CCC /* SuiteSearchViewController.m */ = {isa = PBXFileReference; fileEncoding = 4; lastKnownFileType = sourcecode.c.objc; path = SuiteSearchViewController.m; sourceTree = "<group>"; };
		5A54F6271BF5F6F200F27CCC /* InterestSuiteViewController.h */ = {isa = PBXFileReference; fileEncoding = 4; lastKnownFileType = sourcecode.c.h; path = InterestSuiteViewController.h; sourceTree = "<group>"; };
		5A54F6281BF5F6F200F27CCC /* InterestSuiteViewController.m */ = {isa = PBXFileReference; fileEncoding = 4; lastKnownFileType = sourcecode.c.objc; path = InterestSuiteViewController.m; sourceTree = "<group>"; };
		5A54F62B1BF5F70200F27CCC /* RentalManageViewController.h */ = {isa = PBXFileReference; fileEncoding = 4; lastKnownFileType = sourcecode.c.h; path = RentalManageViewController.h; sourceTree = "<group>"; };
		5A54F62C1BF5F70200F27CCC /* RentalManageViewController.m */ = {isa = PBXFileReference; fileEncoding = 4; lastKnownFileType = sourcecode.c.objc; path = RentalManageViewController.m; sourceTree = "<group>"; };
		5A54F62F1BF5F71200F27CCC /* PostSuiteViewController.h */ = {isa = PBXFileReference; fileEncoding = 4; lastKnownFileType = sourcecode.c.h; path = PostSuiteViewController.h; sourceTree = "<group>"; };
		5A54F6301BF5F71200F27CCC /* PostSuiteViewController.m */ = {isa = PBXFileReference; fileEncoding = 4; lastKnownFileType = sourcecode.c.objc; path = PostSuiteViewController.m; sourceTree = "<group>"; };
		5A54F6331BF5F74200F27CCC /* PostSuiteManageViewController.h */ = {isa = PBXFileReference; fileEncoding = 4; lastKnownFileType = sourcecode.c.h; path = PostSuiteManageViewController.h; sourceTree = "<group>"; };
		5A54F6341BF5F74200F27CCC /* PostSuiteManageViewController.m */ = {isa = PBXFileReference; fileEncoding = 4; lastKnownFileType = sourcecode.c.objc; path = PostSuiteManageViewController.m; sourceTree = "<group>"; };
		5A5DCB791B5D021300C7DA7A /* MenuViewController.h */ = {isa = PBXFileReference; fileEncoding = 4; lastKnownFileType = sourcecode.c.h; path = MenuViewController.h; sourceTree = "<group>"; };
		5A5DCB7A1B5D021300C7DA7A /* MenuViewController.m */ = {isa = PBXFileReference; fileEncoding = 4; lastKnownFileType = sourcecode.c.objc; path = MenuViewController.m; sourceTree = "<group>"; };
		5A5DCBA41B5D028100C7DA7A /* 107RoomIcon.ttf */ = {isa = PBXFileReference; lastKnownFileType = file; path = 107RoomIcon.ttf; sourceTree = "<group>"; };
		5A5DCBA61B5D028100C7DA7A /* LaunchScreen.xib */ = {isa = PBXFileReference; fileEncoding = 4; lastKnownFileType = file.xib; path = LaunchScreen.xib; sourceTree = "<group>"; };
		5A5DCBA71B5D028100C7DA7A /* Main.storyboard */ = {isa = PBXFileReference; fileEncoding = 4; lastKnownFileType = file.storyboard; path = Main.storyboard; sourceTree = "<group>"; };
		5A5DCBD11B5D2B0900C7DA7A /* NXSliderViewController.h */ = {isa = PBXFileReference; fileEncoding = 4; lastKnownFileType = sourcecode.c.h; path = NXSliderViewController.h; sourceTree = "<group>"; };
		5A5DCBD21B5D2B0900C7DA7A /* NXSliderViewController.m */ = {isa = PBXFileReference; fileEncoding = 4; lastKnownFileType = sourcecode.c.objc; path = NXSliderViewController.m; sourceTree = "<group>"; };
		5AB724921B57500C00A5D3DD /* NXSliderDemo.app */ = {isa = PBXFileReference; explicitFileType = wrapper.application; includeInIndex = 0; path = NXSliderDemo.app; sourceTree = BUILT_PRODUCTS_DIR; };
		5AB724961B57500C00A5D3DD /* Info.plist */ = {isa = PBXFileReference; lastKnownFileType = text.plist.xml; path = Info.plist; sourceTree = "<group>"; };
		5AB724971B57500C00A5D3DD /* main.m */ = {isa = PBXFileReference; lastKnownFileType = sourcecode.c.objc; path = main.m; sourceTree = "<group>"; };
		5AB724991B57500C00A5D3DD /* AppDelegate.h */ = {isa = PBXFileReference; lastKnownFileType = sourcecode.c.h; path = AppDelegate.h; sourceTree = "<group>"; };
		5AB7249A1B57500C00A5D3DD /* AppDelegate.m */ = {isa = PBXFileReference; lastKnownFileType = sourcecode.c.objc; path = AppDelegate.m; sourceTree = "<group>"; };
		5AB7249D1B57500C00A5D3DD /* NXSliderDemo.xcdatamodel */ = {isa = PBXFileReference; lastKnownFileType = wrapper.xcdatamodel; path = NXSliderDemo.xcdatamodel; sourceTree = "<group>"; };
		5AB7249F1B57500C00A5D3DD /* ViewController.h */ = {isa = PBXFileReference; lastKnownFileType = sourcecode.c.h; path = ViewController.h; sourceTree = "<group>"; };
		5AB724A01B57500C00A5D3DD /* ViewController.m */ = {isa = PBXFileReference; lastKnownFileType = sourcecode.c.objc; path = ViewController.m; sourceTree = "<group>"; };
		5AB724A31B57500C00A5D3DD /* Base */ = {isa = PBXFileReference; lastKnownFileType = file.storyboard; name = Base; path = Base.lproj/Main.storyboard; sourceTree = "<group>"; };
		5AB724A51B57500C00A5D3DD /* Images.xcassets */ = {isa = PBXFileReference; lastKnownFileType = folder.assetcatalog; path = Images.xcassets; sourceTree = "<group>"; };
		5AB724A81B57500C00A5D3DD /* Base */ = {isa = PBXFileReference; lastKnownFileType = file.xib; name = Base; path = Base.lproj/LaunchScreen.xib; sourceTree = "<group>"; };
		5AB724AE1B57500C00A5D3DD /* NXSliderDemoTests.xctest */ = {isa = PBXFileReference; explicitFileType = wrapper.cfbundle; includeInIndex = 0; path = NXSliderDemoTests.xctest; sourceTree = BUILT_PRODUCTS_DIR; };
		5AB724B31B57500C00A5D3DD /* Info.plist */ = {isa = PBXFileReference; lastKnownFileType = text.plist.xml; path = Info.plist; sourceTree = "<group>"; };
		5AB724B41B57500C00A5D3DD /* NXSliderDemoTests.m */ = {isa = PBXFileReference; lastKnownFileType = sourcecode.c.objc; path = NXSliderDemoTests.m; sourceTree = "<group>"; };
		5AD7B73B1BF2E042000CBC37 /* UIButton + EnlargeTouchArea.h */ = {isa = PBXFileReference; fileEncoding = 4; lastKnownFileType = sourcecode.c.h; path = "UIButton + EnlargeTouchArea.h"; sourceTree = "<group>"; };
		5AD7B73C1BF2E042000CBC37 /* UIButton + EnlargeTouchArea.m */ = {isa = PBXFileReference; fileEncoding = 4; lastKnownFileType = sourcecode.c.objc; path = "UIButton + EnlargeTouchArea.m"; sourceTree = "<group>"; };
		5AD7B73D1BF2E042000CBC37 /* UIColor+Room107.h */ = {isa = PBXFileReference; fileEncoding = 4; lastKnownFileType = sourcecode.c.h; path = "UIColor+Room107.h"; sourceTree = "<group>"; };
		5AD7B73E1BF2E042000CBC37 /* UIColor+Room107.m */ = {isa = PBXFileReference; fileEncoding = 4; lastKnownFileType = sourcecode.c.objc; path = "UIColor+Room107.m"; sourceTree = "<group>"; };
		5AD7B73F1BF2E042000CBC37 /* UIFont+Room107.h */ = {isa = PBXFileReference; fileEncoding = 4; lastKnownFileType = sourcecode.c.h; path = "UIFont+Room107.h"; sourceTree = "<group>"; };
		5AD7B7401BF2E042000CBC37 /* UIFont+Room107.m */ = {isa = PBXFileReference; fileEncoding = 4; lastKnownFileType = sourcecode.c.objc; path = "UIFont+Room107.m"; sourceTree = "<group>"; };
		5AD7B7411BF2E042000CBC37 /* UIImage+Room107.h */ = {isa = PBXFileReference; fileEncoding = 4; lastKnownFileType = sourcecode.c.h; path = "UIImage+Room107.h"; sourceTree = "<group>"; };
		5AD7B7421BF2E042000CBC37 /* UIImage+Room107.m */ = {isa = PBXFileReference; fileEncoding = 4; lastKnownFileType = sourcecode.c.objc; path = "UIImage+Room107.m"; sourceTree = "<group>"; };
		5AD7B7431BF2E042000CBC37 /* UIView+Nib.h */ = {isa = PBXFileReference; fileEncoding = 4; lastKnownFileType = sourcecode.c.h; path = "UIView+Nib.h"; sourceTree = "<group>"; };
		5AD7B7441BF2E042000CBC37 /* UIView+Nib.m */ = {isa = PBXFileReference; fileEncoding = 4; lastKnownFileType = sourcecode.c.objc; path = "UIView+Nib.m"; sourceTree = "<group>"; };
		5AD7B74F1BF2E0CC000CBC37 /* CommonFuncs.h */ = {isa = PBXFileReference; fileEncoding = 4; lastKnownFileType = sourcecode.c.h; path = CommonFuncs.h; sourceTree = "<group>"; };
		5AD7B7501BF2E0CC000CBC37 /* CommonFuncs.m */ = {isa = PBXFileReference; fileEncoding = 4; lastKnownFileType = sourcecode.c.objc; path = CommonFuncs.m; sourceTree = "<group>"; };
		5AD7B7511BF2E0CC000CBC37 /* NotificationNames.h */ = {isa = PBXFileReference; fileEncoding = 4; lastKnownFileType = sourcecode.c.h; path = NotificationNames.h; sourceTree = "<group>"; };
		5AD7B7521BF2E0CC000CBC37 /* NotificationNames.m */ = {isa = PBXFileReference; fileEncoding = 4; lastKnownFileType = sourcecode.c.objc; path = NotificationNames.m; sourceTree = "<group>"; };
		5AD7B7531BF2E0CC000CBC37 /* NXURLHandler.h */ = {isa = PBXFileReference; fileEncoding = 4; lastKnownFileType = sourcecode.c.h; path = NXURLHandler.h; sourceTree = "<group>"; };
		5AD7B7541BF2E0CC000CBC37 /* NXURLHandler.m */ = {isa = PBXFileReference; fileEncoding = 4; lastKnownFileType = sourcecode.c.objc; path = NXURLHandler.m; sourceTree = "<group>"; };
		5AD7B7551BF2E0CC000CBC37 /* NXWebViewController.h */ = {isa = PBXFileReference; fileEncoding = 4; lastKnownFileType = sourcecode.c.h; path = NXWebViewController.h; sourceTree = "<group>"; };
		5AD7B7561BF2E0CC000CBC37 /* NXWebViewController.m */ = {isa = PBXFileReference; fileEncoding = 4; lastKnownFileType = sourcecode.c.objc; path = NXWebViewController.m; sourceTree = "<group>"; };
		5AD7B7581BF2E0CC000CBC37 /* RegularExpressionUtil.h */ = {isa = PBXFileReference; fileEncoding = 4; lastKnownFileType = sourcecode.c.h; path = RegularExpressionUtil.h; sourceTree = "<group>"; };
		5AD7B7591BF2E0CC000CBC37 /* RegularExpressionUtil.m */ = {isa = PBXFileReference; fileEncoding = 4; lastKnownFileType = sourcecode.c.objc; path = RegularExpressionUtil.m; sourceTree = "<group>"; };
		5AD7B75A1BF2E0CC000CBC37 /* TimeUtil.h */ = {isa = PBXFileReference; fileEncoding = 4; lastKnownFileType = sourcecode.c.h; path = TimeUtil.h; sourceTree = "<group>"; };
		5AD7B75B1BF2E0CC000CBC37 /* TimeUtil.m */ = {isa = PBXFileReference; fileEncoding = 4; lastKnownFileType = sourcecode.c.objc; path = TimeUtil.m; sourceTree = "<group>"; };
		5AD7B7641BF2E10D000CBC37 /* Prefix.pch */ = {isa = PBXFileReference; fileEncoding = 4; lastKnownFileType = sourcecode.c.h; path = Prefix.pch; sourceTree = "<group>"; };
		5AD7B7671BF2E205000CBC37 /* AppConfig.h */ = {isa = PBXFileReference; fileEncoding = 4; lastKnownFileType = sourcecode.c.h; path = AppConfig.h; sourceTree = "<group>"; };
		5AD7B7681BF2E205000CBC37 /* AppConfig.m */ = {isa = PBXFileReference; fileEncoding = 4; lastKnownFileType = sourcecode.c.objc; path = AppConfig.m; sourceTree = "<group>"; };
		5AD7B7691BF2E205000CBC37 /* Constants.h */ = {isa = PBXFileReference; fileEncoding = 4; lastKnownFileType = sourcecode.c.h; path = Constants.h; sourceTree = "<group>"; };
		5AD7B76A1BF2E205000CBC37 /* Log.h */ = {isa = PBXFileReference; fileEncoding = 4; lastKnownFileType = sourcecode.c.h; path = Log.h; sourceTree = "<group>"; };
		5AD7B76B1BF2E205000CBC37 /* Log.m */ = {isa = PBXFileReference; fileEncoding = 4; lastKnownFileType = sourcecode.c.objc; path = Log.m; sourceTree = "<group>"; };
		5AD7B76C1BF2E205000CBC37 /* Macros.h */ = {isa = PBXFileReference; fileEncoding = 4; lastKnownFileType = sourcecode.c.h; path = Macros.h; sourceTree = "<group>"; };
		5AD7B7701BF2E272000CBC37 /* Room107ViewController.h */ = {isa = PBXFileReference; fileEncoding = 4; lastKnownFileType = sourcecode.c.h; path = Room107ViewController.h; sourceTree = "<group>"; };
		5AD7B7711BF2E272000CBC37 /* Room107ViewController.m */ = {isa = PBXFileReference; fileEncoding = 4; lastKnownFileType = sourcecode.c.objc; path = Room107ViewController.m; sourceTree = "<group>"; };
		5AD7B7751BF2E457000CBC37 /* CustomButton.h */ = {isa = PBXFileReference; fileEncoding = 4; lastKnownFileType = sourcecode.c.h; path = CustomButton.h; sourceTree = "<group>"; };
		5AD7B7761BF2E457000CBC37 /* CustomButton.m */ = {isa = PBXFileReference; fileEncoding = 4; lastKnownFileType = sourcecode.c.objc; path = CustomButton.m; sourceTree = "<group>"; };
		5AD7B7771BF2E457000CBC37 /* CustomImageView.h */ = {isa = PBXFileReference; fileEncoding = 4; lastKnownFileType = sourcecode.c.h; path = CustomImageView.h; sourceTree = "<group>"; };
		5AD7B7781BF2E457000CBC37 /* CustomImageView.m */ = {isa = PBXFileReference; fileEncoding = 4; lastKnownFileType = sourcecode.c.objc; path = CustomImageView.m; sourceTree = "<group>"; };
		5AD7B7791BF2E457000CBC37 /* CustomLabel.h */ = {isa = PBXFileReference; fileEncoding = 4; lastKnownFileType = sourcecode.c.h; path = CustomLabel.h; sourceTree = "<group>"; };
		5AD7B77A1BF2E457000CBC37 /* CustomLabel.m */ = {isa = PBXFileReference; fileEncoding = 4; lastKnownFileType = sourcecode.c.objc; path = CustomLabel.m; sourceTree = "<group>"; };
		5AD7B77D1BF2E457000CBC37 /* CustomTextField.h */ = {isa = PBXFileReference; fileEncoding = 4; lastKnownFileType = sourcecode.c.h; path = CustomTextField.h; sourceTree = "<group>"; };
		5AD7B77E1BF2E457000CBC37 /* CustomTextField.m */ = {isa = PBXFileReference; fileEncoding = 4; lastKnownFileType = sourcecode.c.objc; path = CustomTextField.m; sourceTree = "<group>"; };
		5AD7B7841BF2E4BE000CBC37 /* GreenTextButton.h */ = {isa = PBXFileReference; fileEncoding = 4; lastKnownFileType = sourcecode.c.h; path = GreenTextButton.h; sourceTree = "<group>"; };
		5AD7B7851BF2E4BE000CBC37 /* GreenTextButton.m */ = {isa = PBXFileReference; fileEncoding = 4; lastKnownFileType = sourcecode.c.objc; path = GreenTextButton.m; sourceTree = "<group>"; };
		5AD7B7871BF2E4E8000CBC37 /* SearchTipLabel.h */ = {isa = PBXFileReference; fileEncoding = 4; lastKnownFileType = sourcecode.c.h; path = SearchTipLabel.h; sourceTree = "<group>"; };
		5AD7B7881BF2E4E8000CBC37 /* SearchTipLabel.m */ = {isa = PBXFileReference; fileEncoding = 4; lastKnownFileType = sourcecode.c.objc; path = SearchTipLabel.m; sourceTree = "<group>"; };
		5AD7B78B1BF2E589000CBC37 /* NSArray+Additions.h */ = {isa = PBXFileReference; fileEncoding = 4; lastKnownFileType = sourcecode.c.h; path = "NSArray+Additions.h"; sourceTree = "<group>"; };
		5AD7B78C1BF2E589000CBC37 /* NSArray+Additions.m */ = {isa = PBXFileReference; fileEncoding = 4; lastKnownFileType = sourcecode.c.objc; path = "NSArray+Additions.m"; sourceTree = "<group>"; };
		5AD7B78D1BF2E589000CBC37 /* NSDate+Additions.h */ = {isa = PBXFileReference; fileEncoding = 4; lastKnownFileType = sourcecode.c.h; path = "NSDate+Additions.h"; sourceTree = "<group>"; };
		5AD7B78E1BF2E589000CBC37 /* NSDate+Additions.m */ = {isa = PBXFileReference; fileEncoding = 4; lastKnownFileType = sourcecode.c.objc; path = "NSDate+Additions.m"; sourceTree = "<group>"; };
		5AD7B78F1BF2E589000CBC37 /* NSDateFormatter+Additions.h */ = {isa = PBXFileReference; fileEncoding = 4; lastKnownFileType = sourcecode.c.h; path = "NSDateFormatter+Additions.h"; sourceTree = "<group>"; };
		5AD7B7901BF2E589000CBC37 /* NSDateFormatter+Additions.m */ = {isa = PBXFileReference; fileEncoding = 4; lastKnownFileType = sourcecode.c.objc; path = "NSDateFormatter+Additions.m"; sourceTree = "<group>"; };
		5AD7B7911BF2E589000CBC37 /* NSManagedObject+ActiveRecord.h */ = {isa = PBXFileReference; fileEncoding = 4; lastKnownFileType = sourcecode.c.h; path = "NSManagedObject+ActiveRecord.h"; sourceTree = "<group>"; };
		5AD7B7921BF2E589000CBC37 /* NSManagedObject+ActiveRecord.m */ = {isa = PBXFileReference; fileEncoding = 4; lastKnownFileType = sourcecode.c.objc; path = "NSManagedObject+ActiveRecord.m"; sourceTree = "<group>"; };
		5AD7B7931BF2E589000CBC37 /* NSManagedObject+Additions.h */ = {isa = PBXFileReference; fileEncoding = 4; lastKnownFileType = sourcecode.c.h; path = "NSManagedObject+Additions.h"; sourceTree = "<group>"; };
		5AD7B7941BF2E589000CBC37 /* NSManagedObject+Additions.m */ = {isa = PBXFileReference; fileEncoding = 4; lastKnownFileType = sourcecode.c.objc; path = "NSManagedObject+Additions.m"; sourceTree = "<group>"; };
		5AD7B7951BF2E589000CBC37 /* NSMutableURLRequest+Headers.h */ = {isa = PBXFileReference; fileEncoding = 4; lastKnownFileType = sourcecode.c.h; path = "NSMutableURLRequest+Headers.h"; sourceTree = "<group>"; };
		5AD7B7961BF2E589000CBC37 /* NSMutableURLRequest+Headers.m */ = {isa = PBXFileReference; fileEncoding = 4; lastKnownFileType = sourcecode.c.objc; path = "NSMutableURLRequest+Headers.m"; sourceTree = "<group>"; };
		5AD7B7971BF2E589000CBC37 /* NSNumber+Additions.h */ = {isa = PBXFileReference; fileEncoding = 4; lastKnownFileType = sourcecode.c.h; path = "NSNumber+Additions.h"; sourceTree = "<group>"; };
		5AD7B7981BF2E589000CBC37 /* NSNumber+Additions.m */ = {isa = PBXFileReference; fileEncoding = 4; lastKnownFileType = sourcecode.c.objc; path = "NSNumber+Additions.m"; sourceTree = "<group>"; };
		5AD7B7991BF2E589000CBC37 /* NSNumberFormatter+Additions.h */ = {isa = PBXFileReference; fileEncoding = 4; lastKnownFileType = sourcecode.c.h; path = "NSNumberFormatter+Additions.h"; sourceTree = "<group>"; };
		5AD7B79A1BF2E589000CBC37 /* NSNumberFormatter+Additions.m */ = {isa = PBXFileReference; fileEncoding = 4; lastKnownFileType = sourcecode.c.objc; path = "NSNumberFormatter+Additions.m"; sourceTree = "<group>"; };
		5AD7B79B1BF2E589000CBC37 /* NSObject+Introspection.h */ = {isa = PBXFileReference; fileEncoding = 4; lastKnownFileType = sourcecode.c.h; path = "NSObject+Introspection.h"; sourceTree = "<group>"; };
		5AD7B79C1BF2E589000CBC37 /* NSObject+Introspection.m */ = {isa = PBXFileReference; fileEncoding = 4; lastKnownFileType = sourcecode.c.objc; path = "NSObject+Introspection.m"; sourceTree = "<group>"; };
		5AD7B79D1BF2E589000CBC37 /* NSObject+KVO.h */ = {isa = PBXFileReference; fileEncoding = 4; lastKnownFileType = sourcecode.c.h; path = "NSObject+KVO.h"; sourceTree = "<group>"; };
		5AD7B79E1BF2E589000CBC37 /* NSObject+KVO.m */ = {isa = PBXFileReference; fileEncoding = 4; lastKnownFileType = sourcecode.c.objc; path = "NSObject+KVO.m"; sourceTree = "<group>"; };
		5AD7B79F1BF2E589000CBC37 /* NSString+AttributedString.h */ = {isa = PBXFileReference; fileEncoding = 4; lastKnownFileType = sourcecode.c.h; path = "NSString+AttributedString.h"; sourceTree = "<group>"; };
		5AD7B7A01BF2E589000CBC37 /* NSString+AttributedString.m */ = {isa = PBXFileReference; fileEncoding = 4; lastKnownFileType = sourcecode.c.objc; path = "NSString+AttributedString.m"; sourceTree = "<group>"; };
		5AD7B7A11BF2E589000CBC37 /* NSString+Base64.h */ = {isa = PBXFileReference; fileEncoding = 4; lastKnownFileType = sourcecode.c.h; path = "NSString+Base64.h"; sourceTree = "<group>"; };
		5AD7B7A21BF2E589000CBC37 /* NSString+Base64.m */ = {isa = PBXFileReference; fileEncoding = 4; lastKnownFileType = sourcecode.c.objc; path = "NSString+Base64.m"; sourceTree = "<group>"; };
		5AD7B7A31BF2E589000CBC37 /* NSString+Encoded.h */ = {isa = PBXFileReference; fileEncoding = 4; lastKnownFileType = sourcecode.c.h; path = "NSString+Encoded.h"; sourceTree = "<group>"; };
		5AD7B7A41BF2E589000CBC37 /* NSString+Encoded.m */ = {isa = PBXFileReference; fileEncoding = 4; lastKnownFileType = sourcecode.c.objc; path = "NSString+Encoded.m"; sourceTree = "<group>"; };
		5AD7B7A51BF2E589000CBC37 /* NSString+Random.h */ = {isa = PBXFileReference; fileEncoding = 4; lastKnownFileType = sourcecode.c.h; path = "NSString+Random.h"; sourceTree = "<group>"; };
		5AD7B7A61BF2E589000CBC37 /* NSString+Random.m */ = {isa = PBXFileReference; fileEncoding = 4; lastKnownFileType = sourcecode.c.objc; path = "NSString+Random.m"; sourceTree = "<group>"; };
		5AD7B7A71BF2E589000CBC37 /* NSString+Valid.h */ = {isa = PBXFileReference; fileEncoding = 4; lastKnownFileType = sourcecode.c.h; path = "NSString+Valid.h"; sourceTree = "<group>"; };
		5AD7B7A81BF2E589000CBC37 /* NSString+Valid.m */ = {isa = PBXFileReference; fileEncoding = 4; lastKnownFileType = sourcecode.c.objc; path = "NSString+Valid.m"; sourceTree = "<group>"; };
		5AD7B7A91BF2E589000CBC37 /* NSURLRequest+Description.h */ = {isa = PBXFileReference; fileEncoding = 4; lastKnownFileType = sourcecode.c.h; path = "NSURLRequest+Description.h"; sourceTree = "<group>"; };
		5AD7B7AA1BF2E589000CBC37 /* NSURLRequest+Description.m */ = {isa = PBXFileReference; fileEncoding = 4; lastKnownFileType = sourcecode.c.objc; path = "NSURLRequest+Description.m"; sourceTree = "<group>"; };
		5ADD24181B58B25400FB195F /* NXRangeSlider.h */ = {isa = PBXFileReference; fileEncoding = 4; lastKnownFileType = sourcecode.c.h; path = NXRangeSlider.h; sourceTree = "<group>"; };
		5ADD24191B58B25400FB195F /* NXRangeSlider.m */ = {isa = PBXFileReference; fileEncoding = 4; lastKnownFileType = sourcecode.c.objc; path = NXRangeSlider.m; sourceTree = "<group>"; };
		5AEB4A2D1BF2201B00E8DCB7 /* FirstPushViewController.h */ = {isa = PBXFileReference; fileEncoding = 4; lastKnownFileType = sourcecode.c.h; path = FirstPushViewController.h; sourceTree = "<group>"; };
		5AEB4A2E1BF2201B00E8DCB7 /* FirstPushViewController.m */ = {isa = PBXFileReference; fileEncoding = 4; lastKnownFileType = sourcecode.c.objc; path = FirstPushViewController.m; sourceTree = "<group>"; };
/* End PBXFileReference section */

/* Begin PBXFrameworksBuildPhase section */
		5AB7248F1B57500C00A5D3DD /* Frameworks */ = {
			isa = PBXFrameworksBuildPhase;
			buildActionMask = 2147483647;
			files = (
			);
			runOnlyForDeploymentPostprocessing = 0;
		};
		5AB724AB1B57500C00A5D3DD /* Frameworks */ = {
			isa = PBXFrameworksBuildPhase;
			buildActionMask = 2147483647;
			files = (
			);
			runOnlyForDeploymentPostprocessing = 0;
		};
/* End PBXFrameworksBuildPhase section */

/* Begin PBXGroup section */
		5A5DCB7C1B5D028100C7DA7A /* Resources */ = {
			isa = PBXGroup;
			children = (
				5A5DCB7D1B5D028100C7DA7A /* Images */,
				5A5DCBA31B5D028100C7DA7A /* TTF */,
				5A5DCBA51B5D028100C7DA7A /* UI */,
			);
			path = Resources;
			sourceTree = "<group>";
		};
		5A5DCB7D1B5D028100C7DA7A /* Images */ = {
			isa = PBXGroup;
			children = (
			);
			path = Images;
			sourceTree = "<group>";
		};
		5A5DCBA31B5D028100C7DA7A /* TTF */ = {
			isa = PBXGroup;
			children = (
				5A5DCBA41B5D028100C7DA7A /* 107RoomIcon.ttf */,
			);
			path = TTF;
			sourceTree = "<group>";
		};
		5A5DCBA51B5D028100C7DA7A /* UI */ = {
			isa = PBXGroup;
			children = (
				5A5DCBA61B5D028100C7DA7A /* LaunchScreen.xib */,
				5A5DCBA71B5D028100C7DA7A /* Main.storyboard */,
			);
			path = UI;
			sourceTree = "<group>";
		};
		5A5DCBD01B5D2ACE00C7DA7A /* NXSliderViewController */ = {
			isa = PBXGroup;
			children = (
				5A5DCBD11B5D2B0900C7DA7A /* NXSliderViewController.h */,
				5A5DCBD21B5D2B0900C7DA7A /* NXSliderViewController.m */,
			);
			path = NXSliderViewController;
			sourceTree = "<group>";
		};
		5AB724891B57500C00A5D3DD = {
			isa = PBXGroup;
			children = (
				5AB724941B57500C00A5D3DD /* NXSliderDemo */,
				5AB724B11B57500C00A5D3DD /* NXSliderDemoTests */,
				5AB724931B57500C00A5D3DD /* Products */,
			);
			sourceTree = "<group>";
		};
		5AB724931B57500C00A5D3DD /* Products */ = {
			isa = PBXGroup;
			children = (
				5AB724921B57500C00A5D3DD /* NXSliderDemo.app */,
				5AB724AE1B57500C00A5D3DD /* NXSliderDemoTests.xctest */,
			);
			name = Products;
			sourceTree = "<group>";
		};
		5AB724941B57500C00A5D3DD /* NXSliderDemo */ = {
			isa = PBXGroup;
			children = (
				5AD7B7731BF2E457000CBC37 /* View */,
				5AD7B76F1BF2E272000CBC37 /* Controller */,
				5AD7B7651BF2E205000CBC37 /* Model */,
				5AD7B74A1BF2E0CC000CBC37 /* Publics */,
				5AD7B73A1BF2E042000CBC37 /* Category */,
				5A5DCBD01B5D2ACE00C7DA7A /* NXSliderViewController */,
				5A5DCB7C1B5D028100C7DA7A /* Resources */,
				5ADD24171B58B25400FB195F /* NXRangeSlider */,
				5AB724991B57500C00A5D3DD /* AppDelegate.h */,
				5AB7249A1B57500C00A5D3DD /* AppDelegate.m */,
				5AB7249F1B57500C00A5D3DD /* ViewController.h */,
				5AB724A01B57500C00A5D3DD /* ViewController.m */,
				5AB724A21B57500C00A5D3DD /* Main.storyboard */,
				5AB724A51B57500C00A5D3DD /* Images.xcassets */,
				5AB724A71B57500C00A5D3DD /* LaunchScreen.xib */,
				5AB7249C1B57500C00A5D3DD /* NXSliderDemo.xcdatamodeld */,
				5AB724951B57500C00A5D3DD /* Supporting Files */,
				5A5DCB791B5D021300C7DA7A /* MenuViewController.h */,
				5A5DCB7A1B5D021300C7DA7A /* MenuViewController.m */,
				5AEB4A2D1BF2201B00E8DCB7 /* FirstPushViewController.h */,
				5AEB4A2E1BF2201B00E8DCB7 /* FirstPushViewController.m */,
			);
			path = NXSliderDemo;
			sourceTree = "<group>";
		};
		5AB724951B57500C00A5D3DD /* Supporting Files */ = {
			isa = PBXGroup;
			children = (
				5AD7B7641BF2E10D000CBC37 /* Prefix.pch */,
				5AB724961B57500C00A5D3DD /* Info.plist */,
				5AB724971B57500C00A5D3DD /* main.m */,
			);
			name = "Supporting Files";
			sourceTree = "<group>";
		};
		5AB724B11B57500C00A5D3DD /* NXSliderDemoTests */ = {
			isa = PBXGroup;
			children = (
				5AB724B41B57500C00A5D3DD /* NXSliderDemoTests.m */,
				5AB724B21B57500C00A5D3DD /* Supporting Files */,
			);
			path = NXSliderDemoTests;
			sourceTree = "<group>";
		};
		5AB724B21B57500C00A5D3DD /* Supporting Files */ = {
			isa = PBXGroup;
			children = (
				5AB724B31B57500C00A5D3DD /* Info.plist */,
			);
			name = "Supporting Files";
			sourceTree = "<group>";
		};
		5AD7B73A1BF2E042000CBC37 /* Category */ = {
			isa = PBXGroup;
			children = (
				5AD7B73B1BF2E042000CBC37 /* UIButton + EnlargeTouchArea.h */,
				5AD7B73C1BF2E042000CBC37 /* UIButton + EnlargeTouchArea.m */,
				5AD7B73D1BF2E042000CBC37 /* UIColor+Room107.h */,
				5AD7B73E1BF2E042000CBC37 /* UIColor+Room107.m */,
				5AD7B73F1BF2E042000CBC37 /* UIFont+Room107.h */,
				5AD7B7401BF2E042000CBC37 /* UIFont+Room107.m */,
				5AD7B7411BF2E042000CBC37 /* UIImage+Room107.h */,
				5AD7B7421BF2E042000CBC37 /* UIImage+Room107.m */,
				5AD7B7431BF2E042000CBC37 /* UIView+Nib.h */,
				5AD7B7441BF2E042000CBC37 /* UIView+Nib.m */,
			);
			path = Category;
			sourceTree = "<group>";
		};
		5AD7B74A1BF2E0CC000CBC37 /* Publics */ = {
			isa = PBXGroup;
			children = (
				5AD7B74F1BF2E0CC000CBC37 /* CommonFuncs.h */,
				5AD7B7501BF2E0CC000CBC37 /* CommonFuncs.m */,
				5AD7B7511BF2E0CC000CBC37 /* NotificationNames.h */,
				5AD7B7521BF2E0CC000CBC37 /* NotificationNames.m */,
				5AD7B7531BF2E0CC000CBC37 /* NXURLHandler.h */,
				5AD7B7541BF2E0CC000CBC37 /* NXURLHandler.m */,
				5AD7B7551BF2E0CC000CBC37 /* NXWebViewController.h */,
				5AD7B7561BF2E0CC000CBC37 /* NXWebViewController.m */,
				5AD7B7571BF2E0CC000CBC37 /* Utils */,
			);
			path = Publics;
			sourceTree = "<group>";
		};
		5AD7B7571BF2E0CC000CBC37 /* Utils */ = {
			isa = PBXGroup;
			children = (
				5AD7B7581BF2E0CC000CBC37 /* RegularExpressionUtil.h */,
				5AD7B7591BF2E0CC000CBC37 /* RegularExpressionUtil.m */,
				5AD7B75A1BF2E0CC000CBC37 /* TimeUtil.h */,
				5AD7B75B1BF2E0CC000CBC37 /* TimeUtil.m */,
			);
			path = Utils;
			sourceTree = "<group>";
		};
		5AD7B7651BF2E205000CBC37 /* Model */ = {
			isa = PBXGroup;
			children = (
				5AD7B78A1BF2E589000CBC37 /* Category */,
				5AD7B7661BF2E205000CBC37 /* Support */,
			);
			path = Model;
			sourceTree = "<group>";
		};
		5AD7B7661BF2E205000CBC37 /* Support */ = {
			isa = PBXGroup;
			children = (
				5AD7B7671BF2E205000CBC37 /* AppConfig.h */,
				5AD7B7681BF2E205000CBC37 /* AppConfig.m */,
				5AD7B7691BF2E205000CBC37 /* Constants.h */,
				5AD7B76A1BF2E205000CBC37 /* Log.h */,
				5AD7B76B1BF2E205000CBC37 /* Log.m */,
				5AD7B76C1BF2E205000CBC37 /* Macros.h */,
			);
			path = Support;
			sourceTree = "<group>";
		};
		5AD7B76F1BF2E272000CBC37 /* Controller */ = {
			isa = PBXGroup;
			children = (
				5AD7B7701BF2E272000CBC37 /* Room107ViewController.h */,
				5AD7B7711BF2E272000CBC37 /* Room107ViewController.m */,
				5A54F6231BF5F6D000F27CCC /* SuiteSearchViewController.h */,
				5A54F6241BF5F6D000F27CCC /* SuiteSearchViewController.m */,
				5A54F6271BF5F6F200F27CCC /* InterestSuiteViewController.h */,
				5A54F6281BF5F6F200F27CCC /* InterestSuiteViewController.m */,
				5A54F62B1BF5F70200F27CCC /* RentalManageViewController.h */,
				5A54F62C1BF5F70200F27CCC /* RentalManageViewController.m */,
				5A54F62F1BF5F71200F27CCC /* PostSuiteViewController.h */,
				5A54F6301BF5F71200F27CCC /* PostSuiteViewController.m */,
				5A54F6331BF5F74200F27CCC /* PostSuiteManageViewController.h */,
				5A54F6341BF5F74200F27CCC /* PostSuiteManageViewController.m */,
			);
			path = Controller;
			sourceTree = "<group>";
		};
		5AD7B7731BF2E457000CBC37 /* View */ = {
			isa = PBXGroup;
			children = (
				5AD7B7741BF2E457000CBC37 /* CustomView */,
			);
			path = View;
			sourceTree = "<group>";
		};
		5AD7B7741BF2E457000CBC37 /* CustomView */ = {
			isa = PBXGroup;
			children = (
				5AD7B7871BF2E4E8000CBC37 /* SearchTipLabel.h */,
				5AD7B7881BF2E4E8000CBC37 /* SearchTipLabel.m */,
				5AD7B7841BF2E4BE000CBC37 /* GreenTextButton.h */,
				5AD7B7851BF2E4BE000CBC37 /* GreenTextButton.m */,
				5AD7B7751BF2E457000CBC37 /* CustomButton.h */,
				5AD7B7761BF2E457000CBC37 /* CustomButton.m */,
				5AD7B7771BF2E457000CBC37 /* CustomImageView.h */,
				5AD7B7781BF2E457000CBC37 /* CustomImageView.m */,
				5AD7B7791BF2E457000CBC37 /* CustomLabel.h */,
				5AD7B77A1BF2E457000CBC37 /* CustomLabel.m */,
				5AD7B77D1BF2E457000CBC37 /* CustomTextField.h */,
				5AD7B77E1BF2E457000CBC37 /* CustomTextField.m */,
			);
			path = CustomView;
			sourceTree = "<group>";
		};
		5AD7B78A1BF2E589000CBC37 /* Category */ = {
			isa = PBXGroup;
			children = (
				5AD7B78B1BF2E589000CBC37 /* NSArray+Additions.h */,
				5AD7B78C1BF2E589000CBC37 /* NSArray+Additions.m */,
				5AD7B78D1BF2E589000CBC37 /* NSDate+Additions.h */,
				5AD7B78E1BF2E589000CBC37 /* NSDate+Additions.m */,
				5AD7B78F1BF2E589000CBC37 /* NSDateFormatter+Additions.h */,
				5AD7B7901BF2E589000CBC37 /* NSDateFormatter+Additions.m */,
				5AD7B7911BF2E589000CBC37 /* NSManagedObject+ActiveRecord.h */,
				5AD7B7921BF2E589000CBC37 /* NSManagedObject+ActiveRecord.m */,
				5AD7B7931BF2E589000CBC37 /* NSManagedObject+Additions.h */,
				5AD7B7941BF2E589000CBC37 /* NSManagedObject+Additions.m */,
				5AD7B7951BF2E589000CBC37 /* NSMutableURLRequest+Headers.h */,
				5AD7B7961BF2E589000CBC37 /* NSMutableURLRequest+Headers.m */,
				5AD7B7971BF2E589000CBC37 /* NSNumber+Additions.h */,
				5AD7B7981BF2E589000CBC37 /* NSNumber+Additions.m */,
				5AD7B7991BF2E589000CBC37 /* NSNumberFormatter+Additions.h */,
				5AD7B79A1BF2E589000CBC37 /* NSNumberFormatter+Additions.m */,
				5AD7B79B1BF2E589000CBC37 /* NSObject+Introspection.h */,
				5AD7B79C1BF2E589000CBC37 /* NSObject+Introspection.m */,
				5AD7B79D1BF2E589000CBC37 /* NSObject+KVO.h */,
				5AD7B79E1BF2E589000CBC37 /* NSObject+KVO.m */,
				5AD7B79F1BF2E589000CBC37 /* NSString+AttributedString.h */,
				5AD7B7A01BF2E589000CBC37 /* NSString+AttributedString.m */,
				5AD7B7A11BF2E589000CBC37 /* NSString+Base64.h */,
				5AD7B7A21BF2E589000CBC37 /* NSString+Base64.m */,
				5AD7B7A31BF2E589000CBC37 /* NSString+Encoded.h */,
				5AD7B7A41BF2E589000CBC37 /* NSString+Encoded.m */,
				5AD7B7A51BF2E589000CBC37 /* NSString+Random.h */,
				5AD7B7A61BF2E589000CBC37 /* NSString+Random.m */,
				5AD7B7A71BF2E589000CBC37 /* NSString+Valid.h */,
				5AD7B7A81BF2E589000CBC37 /* NSString+Valid.m */,
				5AD7B7A91BF2E589000CBC37 /* NSURLRequest+Description.h */,
				5AD7B7AA1BF2E589000CBC37 /* NSURLRequest+Description.m */,
			);
			path = Category;
			sourceTree = "<group>";
		};
		5ADD24171B58B25400FB195F /* NXRangeSlider */ = {
			isa = PBXGroup;
			children = (
				5ADD24181B58B25400FB195F /* NXRangeSlider.h */,
				5ADD24191B58B25400FB195F /* NXRangeSlider.m */,
			);
			path = NXRangeSlider;
			sourceTree = "<group>";
		};
/* End PBXGroup section */

/* Begin PBXNativeTarget section */
		5AB724911B57500C00A5D3DD /* NXSliderDemo */ = {
			isa = PBXNativeTarget;
			buildConfigurationList = 5AB724B81B57500C00A5D3DD /* Build configuration list for PBXNativeTarget "NXSliderDemo" */;
			buildPhases = (
				5AB7248E1B57500C00A5D3DD /* Sources */,
				5AB7248F1B57500C00A5D3DD /* Frameworks */,
				5AB724901B57500C00A5D3DD /* Resources */,
			);
			buildRules = (
			);
			dependencies = (
			);
			name = NXSliderDemo;
			productName = NXSliderDemo;
			productReference = 5AB724921B57500C00A5D3DD /* NXSliderDemo.app */;
			productType = "com.apple.product-type.application";
		};
		5AB724AD1B57500C00A5D3DD /* NXSliderDemoTests */ = {
			isa = PBXNativeTarget;
			buildConfigurationList = 5AB724BB1B57500C00A5D3DD /* Build configuration list for PBXNativeTarget "NXSliderDemoTests" */;
			buildPhases = (
				5AB724AA1B57500C00A5D3DD /* Sources */,
				5AB724AB1B57500C00A5D3DD /* Frameworks */,
				5AB724AC1B57500C00A5D3DD /* Resources */,
			);
			buildRules = (
			);
			dependencies = (
				5AB724B01B57500C00A5D3DD /* PBXTargetDependency */,
			);
			name = NXSliderDemoTests;
			productName = NXSliderDemoTests;
			productReference = 5AB724AE1B57500C00A5D3DD /* NXSliderDemoTests.xctest */;
			productType = "com.apple.product-type.bundle.unit-test";
		};
/* End PBXNativeTarget section */

/* Begin PBXProject section */
		5AB7248A1B57500C00A5D3DD /* Project object */ = {
			isa = PBXProject;
			attributes = {
				LastUpgradeCheck = 0640;
				ORGANIZATIONNAME = NingXia;
				TargetAttributes = {
					5AB724911B57500C00A5D3DD = {
						CreatedOnToolsVersion = 6.4;
					};
					5AB724AD1B57500C00A5D3DD = {
						CreatedOnToolsVersion = 6.4;
						TestTargetID = 5AB724911B57500C00A5D3DD;
					};
				};
			};
			buildConfigurationList = 5AB7248D1B57500C00A5D3DD /* Build configuration list for PBXProject "NXSliderDemo" */;
			compatibilityVersion = "Xcode 3.2";
			developmentRegion = English;
			hasScannedForEncodings = 0;
			knownRegions = (
				en,
				Base,
			);
			mainGroup = 5AB724891B57500C00A5D3DD;
			productRefGroup = 5AB724931B57500C00A5D3DD /* Products */;
			projectDirPath = "";
			projectRoot = "";
			targets = (
				5AB724911B57500C00A5D3DD /* NXSliderDemo */,
				5AB724AD1B57500C00A5D3DD /* NXSliderDemoTests */,
			);
		};
/* End PBXProject section */

/* Begin PBXResourcesBuildPhase section */
		5AB724901B57500C00A5D3DD /* Resources */ = {
			isa = PBXResourcesBuildPhase;
			buildActionMask = 2147483647;
			files = (
				5AB724A41B57500C00A5D3DD /* Main.storyboard in Resources */,
				5A5DCBCE1B5D028100C7DA7A /* LaunchScreen.xib in Resources */,
				5A5DCBCF1B5D028100C7DA7A /* Main.storyboard in Resources */,
				5AB724A91B57500C00A5D3DD /* LaunchScreen.xib in Resources */,
				5A5DCBCD1B5D028100C7DA7A /* 107RoomIcon.ttf in Resources */,
				5AB724A61B57500C00A5D3DD /* Images.xcassets in Resources */,
			);
			runOnlyForDeploymentPostprocessing = 0;
		};
		5AB724AC1B57500C00A5D3DD /* Resources */ = {
			isa = PBXResourcesBuildPhase;
			buildActionMask = 2147483647;
			files = (
			);
			runOnlyForDeploymentPostprocessing = 0;
		};
/* End PBXResourcesBuildPhase section */

/* Begin PBXSourcesBuildPhase section */
		5AB7248E1B57500C00A5D3DD /* Sources */ = {
			isa = PBXSourcesBuildPhase;
			buildActionMask = 2147483647;
			files = (
				5A54F62D1BF5F70200F27CCC /* RentalManageViewController.m in Sources */,
				5AD7B7AE1BF2E589000CBC37 /* NSDate+Additions.m in Sources */,
				5AD7B7891BF2E4E8000CBC37 /* SearchTipLabel.m in Sources */,
				5AD7B77F1BF2E457000CBC37 /* CustomButton.m in Sources */,
				5AD7B7811BF2E457000CBC37 /* CustomLabel.m in Sources */,
				5AD7B7B81BF2E589000CBC37 /* NSString+Base64.m in Sources */,
				5AD7B7B71BF2E589000CBC37 /* NSString+AttributedString.m in Sources */,
				5AD7B7B01BF2E589000CBC37 /* NSManagedObject+ActiveRecord.m in Sources */,
				5AD7B75E1BF2E0CC000CBC37 /* CommonFuncs.m in Sources */,
				5AD7B7AF1BF2E589000CBC37 /* NSDateFormatter+Additions.m in Sources */,
				5AD7B7BC1BF2E589000CBC37 /* NSURLRequest+Description.m in Sources */,
				5AD7B7471BF2E042000CBC37 /* UIFont+Room107.m in Sources */,
				5AD7B7831BF2E457000CBC37 /* CustomTextField.m in Sources */,
				5AD7B7491BF2E042000CBC37 /* UIView+Nib.m in Sources */,
				5AD7B7B31BF2E589000CBC37 /* NSNumber+Additions.m in Sources */,
				5AD7B76D1BF2E205000CBC37 /* AppConfig.m in Sources */,
				5AD7B7BA1BF2E589000CBC37 /* NSString+Random.m in Sources */,
				5AD7B7481BF2E042000CBC37 /* UIImage+Room107.m in Sources */,
				5A54F6291BF5F6F200F27CCC /* InterestSuiteViewController.m in Sources */,
				5ADD241A1B58B25400FB195F /* NXRangeSlider.m in Sources */,
				5AD7B7B11BF2E589000CBC37 /* NSManagedObject+Additions.m in Sources */,
				5AD7B7AD1BF2E589000CBC37 /* NSArray+Additions.m in Sources */,
				5AD7B7721BF2E272000CBC37 /* Room107ViewController.m in Sources */,
				5A54F6351BF5F74200F27CCC /* PostSuiteManageViewController.m in Sources */,
				5A5DCB7B1B5D021300C7DA7A /* MenuViewController.m in Sources */,
				5AD7B7BB1BF2E589000CBC37 /* NSString+Valid.m in Sources */,
				5AD7B7621BF2E0CC000CBC37 /* RegularExpressionUtil.m in Sources */,
				5AB7249B1B57500C00A5D3DD /* AppDelegate.m in Sources */,
				5AEB4A2F1BF2201B00E8DCB7 /* FirstPushViewController.m in Sources */,
				5AD7B76E1BF2E205000CBC37 /* Log.m in Sources */,
				5AD7B7451BF2E042000CBC37 /* UIButton + EnlargeTouchArea.m in Sources */,
				5AD7B7461BF2E042000CBC37 /* UIColor+Room107.m in Sources */,
				5AD7B7611BF2E0CC000CBC37 /* NXWebViewController.m in Sources */,
				5AD7B7861BF2E4BE000CBC37 /* GreenTextButton.m in Sources */,
				5AD7B7B91BF2E589000CBC37 /* NSString+Encoded.m in Sources */,
				5A5DCBD31B5D2B0900C7DA7A /* NXSliderViewController.m in Sources */,
				5A54F6311BF5F71200F27CCC /* PostSuiteViewController.m in Sources */,
				5AB724981B57500C00A5D3DD /* main.m in Sources */,
				5AD7B7B61BF2E589000CBC37 /* NSObject+KVO.m in Sources */,
				5AD7B7B41BF2E589000CBC37 /* NSNumberFormatter+Additions.m in Sources */,
				5AD7B7601BF2E0CC000CBC37 /* NXURLHandler.m in Sources */,
				5AD7B7801BF2E457000CBC37 /* CustomImageView.m in Sources */,
				5AD7B7631BF2E0CC000CBC37 /* TimeUtil.m in Sources */,
				5A54F6251BF5F6D000F27CCC /* SuiteSearchViewController.m in Sources */,
				5AD7B7B51BF2E589000CBC37 /* NSObject+Introspection.m in Sources */,
				5AD7B7B21BF2E589000CBC37 /* NSMutableURLRequest+Headers.m in Sources */,
				5AB724A11B57500C00A5D3DD /* ViewController.m in Sources */,
				5AB7249E1B57500C00A5D3DD /* NXSliderDemo.xcdatamodeld in Sources */,
				5AD7B75F1BF2E0CC000CBC37 /* NotificationNames.m in Sources */,
			);
			runOnlyForDeploymentPostprocessing = 0;
		};
		5AB724AA1B57500C00A5D3DD /* Sources */ = {
			isa = PBXSourcesBuildPhase;
			buildActionMask = 2147483647;
			files = (
				5AB724B51B57500C00A5D3DD /* NXSliderDemoTests.m in Sources */,
				5A54F6321BF5F71200F27CCC /* PostSuiteViewController.m in Sources */,
				5A54F62E1BF5F70200F27CCC /* RentalManageViewController.m in Sources */,
				5A54F6261BF5F6D000F27CCC /* SuiteSearchViewController.m in Sources */,
				5A54F6361BF5F74200F27CCC /* PostSuiteManageViewController.m in Sources */,
				5A54F62A1BF5F6F200F27CCC /* InterestSuiteViewController.m in Sources */,
			);
			runOnlyForDeploymentPostprocessing = 0;
		};
/* End PBXSourcesBuildPhase section */

/* Begin PBXTargetDependency section */
		5AB724B01B57500C00A5D3DD /* PBXTargetDependency */ = {
			isa = PBXTargetDependency;
			target = 5AB724911B57500C00A5D3DD /* NXSliderDemo */;
			targetProxy = 5AB724AF1B57500C00A5D3DD /* PBXContainerItemProxy */;
		};
/* End PBXTargetDependency section */

/* Begin PBXVariantGroup section */
		5AB724A21B57500C00A5D3DD /* Main.storyboard */ = {
			isa = PBXVariantGroup;
			children = (
				5AB724A31B57500C00A5D3DD /* Base */,
			);
			name = Main.storyboard;
			sourceTree = "<group>";
		};
		5AB724A71B57500C00A5D3DD /* LaunchScreen.xib */ = {
			isa = PBXVariantGroup;
			children = (
				5AB724A81B57500C00A5D3DD /* Base */,
			);
			name = LaunchScreen.xib;
			sourceTree = "<group>";
		};
/* End PBXVariantGroup section */

/* Begin XCBuildConfiguration section */
		5AB724B61B57500C00A5D3DD /* Debug */ = {
			isa = XCBuildConfiguration;
			buildSettings = {
				ALWAYS_SEARCH_USER_PATHS = NO;
				CLANG_CXX_LANGUAGE_STANDARD = "gnu++0x";
				CLANG_CXX_LIBRARY = "libc++";
				CLANG_ENABLE_MODULES = YES;
				CLANG_ENABLE_OBJC_ARC = YES;
				CLANG_WARN_BOOL_CONVERSION = YES;
				CLANG_WARN_CONSTANT_CONVERSION = YES;
				CLANG_WARN_DIRECT_OBJC_ISA_USAGE = YES_ERROR;
				CLANG_WARN_EMPTY_BODY = YES;
				CLANG_WARN_ENUM_CONVERSION = YES;
				CLANG_WARN_INT_CONVERSION = YES;
				CLANG_WARN_OBJC_ROOT_CLASS = YES_ERROR;
				CLANG_WARN_UNREACHABLE_CODE = YES;
				CLANG_WARN__DUPLICATE_METHOD_MATCH = YES;
				"CODE_SIGN_IDENTITY[sdk=iphoneos*]" = "iPhone Developer";
				COPY_PHASE_STRIP = NO;
				DEBUG_INFORMATION_FORMAT = "dwarf-with-dsym";
				ENABLE_STRICT_OBJC_MSGSEND = YES;
				GCC_C_LANGUAGE_STANDARD = gnu99;
				GCC_DYNAMIC_NO_PIC = NO;
				GCC_NO_COMMON_BLOCKS = YES;
				GCC_OPTIMIZATION_LEVEL = 0;
				GCC_PREPROCESSOR_DEFINITIONS = (
					"DEBUG=1",
					"$(inherited)",
				);
				GCC_SYMBOLS_PRIVATE_EXTERN = NO;
				GCC_WARN_64_TO_32_BIT_CONVERSION = YES;
				GCC_WARN_ABOUT_RETURN_TYPE = YES_ERROR;
				GCC_WARN_UNDECLARED_SELECTOR = YES;
				GCC_WARN_UNINITIALIZED_AUTOS = YES_AGGRESSIVE;
				GCC_WARN_UNUSED_FUNCTION = YES;
				GCC_WARN_UNUSED_VARIABLE = YES;
				IPHONEOS_DEPLOYMENT_TARGET = 8.4;
				MTL_ENABLE_DEBUG_INFO = YES;
				ONLY_ACTIVE_ARCH = YES;
				SDKROOT = iphoneos;
				TARGETED_DEVICE_FAMILY = "1,2";
			};
			name = Debug;
		};
		5AB724B71B57500C00A5D3DD /* Release */ = {
			isa = XCBuildConfiguration;
			buildSettings = {
				ALWAYS_SEARCH_USER_PATHS = NO;
				CLANG_CXX_LANGUAGE_STANDARD = "gnu++0x";
				CLANG_CXX_LIBRARY = "libc++";
				CLANG_ENABLE_MODULES = YES;
				CLANG_ENABLE_OBJC_ARC = YES;
				CLANG_WARN_BOOL_CONVERSION = YES;
				CLANG_WARN_CONSTANT_CONVERSION = YES;
				CLANG_WARN_DIRECT_OBJC_ISA_USAGE = YES_ERROR;
				CLANG_WARN_EMPTY_BODY = YES;
				CLANG_WARN_ENUM_CONVERSION = YES;
				CLANG_WARN_INT_CONVERSION = YES;
				CLANG_WARN_OBJC_ROOT_CLASS = YES_ERROR;
				CLANG_WARN_UNREACHABLE_CODE = YES;
				CLANG_WARN__DUPLICATE_METHOD_MATCH = YES;
				"CODE_SIGN_IDENTITY[sdk=iphoneos*]" = "iPhone Developer";
				COPY_PHASE_STRIP = NO;
				DEBUG_INFORMATION_FORMAT = "dwarf-with-dsym";
				ENABLE_NS_ASSERTIONS = NO;
				ENABLE_STRICT_OBJC_MSGSEND = YES;
				GCC_C_LANGUAGE_STANDARD = gnu99;
				GCC_NO_COMMON_BLOCKS = YES;
				GCC_WARN_64_TO_32_BIT_CONVERSION = YES;
				GCC_WARN_ABOUT_RETURN_TYPE = YES_ERROR;
				GCC_WARN_UNDECLARED_SELECTOR = YES;
				GCC_WARN_UNINITIALIZED_AUTOS = YES_AGGRESSIVE;
				GCC_WARN_UNUSED_FUNCTION = YES;
				GCC_WARN_UNUSED_VARIABLE = YES;
				IPHONEOS_DEPLOYMENT_TARGET = 8.4;
				MTL_ENABLE_DEBUG_INFO = NO;
				SDKROOT = iphoneos;
				TARGETED_DEVICE_FAMILY = "1,2";
				VALIDATE_PRODUCT = YES;
			};
			name = Release;
		};
		5AB724B91B57500C00A5D3DD /* Debug */ = {
			isa = XCBuildConfiguration;
			buildSettings = {
				ASSETCATALOG_COMPILER_APPICON_NAME = AppIcon;
				GCC_PREFIX_HEADER = NXSliderDemo/Prefix.pch;
				INFOPLIST_FILE = NXSliderDemo/Info.plist;
				IPHONEOS_DEPLOYMENT_TARGET = 7.0;
				LD_RUNPATH_SEARCH_PATHS = "$(inherited) @executable_path/Frameworks";
				PRODUCT_NAME = "$(TARGET_NAME)";
				TARGETED_DEVICE_FAMILY = 1;
			};
			name = Debug;
		};
		5AB724BA1B57500C00A5D3DD /* Release */ = {
			isa = XCBuildConfiguration;
			buildSettings = {
				ASSETCATALOG_COMPILER_APPICON_NAME = AppIcon;
				GCC_PREFIX_HEADER = NXSliderDemo/Prefix.pch;
				INFOPLIST_FILE = NXSliderDemo/Info.plist;
				IPHONEOS_DEPLOYMENT_TARGET = 7.0;
				LD_RUNPATH_SEARCH_PATHS = "$(inherited) @executable_path/Frameworks";
				PRODUCT_NAME = "$(TARGET_NAME)";
				TARGETED_DEVICE_FAMILY = 1;
			};
			name = Release;
		};
		5AB724BC1B57500C00A5D3DD /* Debug */ = {
			isa = XCBuildConfiguration;
			buildSettings = {
				BUNDLE_LOADER = "$(TEST_HOST)";
				FRAMEWORK_SEARCH_PATHS = (
					"$(SDKROOT)/Developer/Library/Frameworks",
					"$(inherited)",
				);
				GCC_PREPROCESSOR_DEFINITIONS = (
					"DEBUG=1",
					"$(inherited)",
				);
				INFOPLIST_FILE = NXSliderDemoTests/Info.plist;
				LD_RUNPATH_SEARCH_PATHS = "$(inherited) @executable_path/Frameworks @loader_path/Frameworks";
				PRODUCT_NAME = "$(TARGET_NAME)";
				TEST_HOST = "$(BUILT_PRODUCTS_DIR)/NXSliderDemo.app/NXSliderDemo";
			};
			name = Debug;
		};
		5AB724BD1B57500C00A5D3DD /* Release */ = {
			isa = XCBuildConfiguration;
			buildSettings = {
				BUNDLE_LOADER = "$(TEST_HOST)";
				FRAMEWORK_SEARCH_PATHS = (
					"$(SDKROOT)/Developer/Library/Frameworks",
					"$(inherited)",
				);
				INFOPLIST_FILE = NXSliderDemoTests/Info.plist;
				LD_RUNPATH_SEARCH_PATHS = "$(inherited) @executable_path/Frameworks @loader_path/Frameworks";
				PRODUCT_NAME = "$(TARGET_NAME)";
				TEST_HOST = "$(BUILT_PRODUCTS_DIR)/NXSliderDemo.app/NXSliderDemo";
			};
			name = Release;
		};
/* End XCBuildConfiguration section */

/* Begin XCConfigurationList section */
		5AB7248D1B57500C00A5D3DD /* Build configuration list for PBXProject "NXSliderDemo" */ = {
			isa = XCConfigurationList;
			buildConfigurations = (
				5AB724B61B57500C00A5D3DD /* Debug */,
				5AB724B71B57500C00A5D3DD /* Release */,
			);
			defaultConfigurationIsVisible = 0;
			defaultConfigurationName = Release;
		};
		5AB724B81B57500C00A5D3DD /* Build configuration list for PBXNativeTarget "NXSliderDemo" */ = {
			isa = XCConfigurationList;
			buildConfigurations = (
				5AB724B91B57500C00A5D3DD /* Debug */,
				5AB724BA1B57500C00A5D3DD /* Release */,
			);
			defaultConfigurationIsVisible = 0;
			defaultConfigurationName = Release;
		};
		5AB724BB1B57500C00A5D3DD /* Build configuration list for PBXNativeTarget "NXSliderDemoTests" */ = {
			isa = XCConfigurationList;
			buildConfigurations = (
				5AB724BC1B57500C00A5D3DD /* Debug */,
				5AB724BD1B57500C00A5D3DD /* Release */,
			);
			defaultConfigurationIsVisible = 0;
			defaultConfigurationName = Release;
		};
/* End XCConfigurationList section */

/* Begin XCVersionGroup section */
		5AB7249C1B57500C00A5D3DD /* NXSliderDemo.xcdatamodeld */ = {
			isa = XCVersionGroup;
			children = (
				5AB7249D1B57500C00A5D3DD /* NXSliderDemo.xcdatamodel */,
			);
			currentVersion = 5AB7249D1B57500C00A5D3DD /* NXSliderDemo.xcdatamodel */;
			path = NXSliderDemo.xcdatamodeld;
			sourceTree = "<group>";
			versionGroupType = wrapper.xcdatamodel;
		};
/* End XCVersionGroup section */
	};
	rootObject = 5AB7248A1B57500C00A5D3DD /* Project object */;
}
